
Microsoft Visual Studio Solution File, Format Version 12.00
# Visual Studio Version 16
VisualStudioVersion = 16.0.30413.136
MinimumVisualStudioVersion = 10.0.40219.1
Project("{2150E333-8FDC-42A3-9474-1A3956D46DE8}") = "Microservices", "Microservices", "{400AC998-0CE0-46B2-AC70-E06ED31272E5}"
EndProject
Project("{2150E333-8FDC-42A3-9474-1A3956D46DE8}") = "Domain", "Domain", "{E0124752-4FD4-4FD4-AA6E-742E50F57258}"
EndProject
Project("{2150E333-8FDC-42A3-9474-1A3956D46DE8}") = "Infra.Bus", "Infra.Bus", "{77F77A3E-687B-4D22-AAAD-4654A09698B9}"
EndProject
Project("{2150E333-8FDC-42A3-9474-1A3956D46DE8}") = "Infra.IOC", "Infra.IOC", "{BAAAF7C6-FCE8-45CC-A98B-B25B331E70BB}"
EndProject
Project("{2150E333-8FDC-42A3-9474-1A3956D46DE8}") = "Presentation", "Presentation", "{8A29EDBF-818E-4BB4-B3BD-5FB06909B9C6}"
EndProject
Project("{9A19103F-16F7-4668-BE54-9A1E7A4F7556}") = "MicroRabbit.Domain.Core", "MicroRabbit.Domain.Core\MicroRabbit.Domain.Core.csproj", "{25D13113-97E2-44D1-AC62-C84701860DD8}"
EndProject
Project("{9A19103F-16F7-4668-BE54-9A1E7A4F7556}") = "MicroRabbit.Infra.Bus", "MicroRabbit.Infra.Bus\MicroRabbit.Infra.Bus.csproj", "{68FD3FF0-082B-4665-B6A3-5D1D5DB06E37}"
EndProject
Project("{9A19103F-16F7-4668-BE54-9A1E7A4F7556}") = "MicroRabbit.Infra.IOC", "MicroRabbit.Infra.IOC\MicroRabbit.Infra.IOC.csproj", "{47DC9500-881E-45CC-811B-6D1568BB17EA}"
EndProject
Project("{2150E333-8FDC-42A3-9474-1A3956D46DE8}") = "Banking", "Banking", "{E183DB33-D894-416A-A246-8FB8F5B6B85E}"
EndProject
Project("{2150E333-8FDC-42A3-9474-1A3956D46DE8}") = "Api", "Api", "{BDD6037E-F7A1-48FA-8EE3-204C4B9DB01E}"
EndProject
Project("{2150E333-8FDC-42A3-9474-1A3956D46DE8}") = "Domain", "Domain", "{5AC90A18-C75D-4EE7-AA17-C7E6EB830A6F}"
EndProject
Project("{2150E333-8FDC-42A3-9474-1A3956D46DE8}") = "Application", "Application", "{F6A3EE0D-73FD-4BD4-82B3-87FB150DBDC0}"
EndProject
Project("{2150E333-8FDC-42A3-9474-1A3956D46DE8}") = "Data", "Data", "{21016401-A85C-4A20-9CD5-AD760FBFD369}"
EndProject
Project("{9A19103F-16F7-4668-BE54-9A1E7A4F7556}") = "MicroRabbit.Banking.Api", "MicroRabbit.Banking.Api\MicroRabbit.Banking.Api.csproj", "{0627C42E-65FE-4DF4-A796-43F527BC7045}"
EndProject
Project("{9A19103F-16F7-4668-BE54-9A1E7A4F7556}") = "MicroRabbit.Banking.Application", "MicroRabbit.Banking.Application\MicroRabbit.Banking.Application.csproj", "{251267CB-03F2-47F1-BD0E-C58507084DCA}"
EndProject
Project("{9A19103F-16F7-4668-BE54-9A1E7A4F7556}") = "MicroRabbit.Banking.Data", "MicroRabbit.Banking.Data\MicroRabbit.Banking.Data.csproj", "{99B57B00-1B28-4BAA-B3AA-F66F9976F75D}"
EndProject
Project("{9A19103F-16F7-4668-BE54-9A1E7A4F7556}") = "MircoRabbit.Banking.Domain", "MircoRabbit.Banking.Domain\MircoRabbit.Banking.Domain.csproj", "{E2EF5CDA-F81B-49D2-8CEC-78C085BFCBCF}"
EndProject
Project("{2150E333-8FDC-42A3-9474-1A3956D46DE8}") = "Transfer", "Transfer", "{131EA386-9823-40DF-B827-54671387C909}"
EndProject
Project("{2150E333-8FDC-42A3-9474-1A3956D46DE8}") = "Api", "Api", "{DC1A2ACA-A790-4ACE-AE25-7629387D0BEB}"
EndProject
Project("{2150E333-8FDC-42A3-9474-1A3956D46DE8}") = "Application", "Application", "{A2B1AB07-C93A-41B3-990E-FC48CAD354A7}"
EndProject
Project("{2150E333-8FDC-42A3-9474-1A3956D46DE8}") = "Data", "Data", "{7443F733-87B3-4EC3-B1CB-9112F909F76E}"
EndProject
Project("{2150E333-8FDC-42A3-9474-1A3956D46DE8}") = "Domain", "Domain", "{5C269B9C-9727-4DD7-8304-6A0E6B2217FA}"
EndProject
Project("{FAE04EC0-301F-11D3-BF4B-00C04F79EFBC}") = "MicroRabbit.Transfer.Api", "MicroRabbit.Transfer\MicroRabbit.Transfer.Api.csproj", "{A919BE1A-C2F0-4F15-BDC5-7929F801B4B7}"
EndProject
Project("{FAE04EC0-301F-11D3-BF4B-00C04F79EFBC}") = "MicroRabbit.Transfer.Application", "MicroRabbit.Transfer.Application\MicroRabbit.Transfer.Application.csproj", "{E8ED2F5D-AF45-41BD-A994-4DD4E23C0894}"
EndProject
Project("{FAE04EC0-301F-11D3-BF4B-00C04F79EFBC}") = "MicroRabbit.Transfer.Data", "MicroRabbit.Transfer.Data\MicroRabbit.Transfer.Data.csproj", "{31617F89-BF3C-43D5-A284-170396187AFA}"
EndProject
Project("{FAE04EC0-301F-11D3-BF4B-00C04F79EFBC}") = "MicroRabbit.Transfer.Domain", "MicroRabbit.Transfer.Domain\MicroRabbit.Transfer.Domain.csproj", "{86B7D4D4-AB50-42FB-A931-D3FF497BBCA1}"
EndProject
Global
	GlobalSection(SolutionConfigurationPlatforms) = preSolution
		Debug|Any CPU = Debug|Any CPU
		Release|Any CPU = Release|Any CPU
	EndGlobalSection
	GlobalSection(ProjectConfigurationPlatforms) = postSolution
		{25D13113-97E2-44D1-AC62-C84701860DD8}.Debug|Any CPU.ActiveCfg = Debug|Any CPU
		{25D13113-97E2-44D1-AC62-C84701860DD8}.Debug|Any CPU.Build.0 = Debug|Any CPU
		{25D13113-97E2-44D1-AC62-C84701860DD8}.Release|Any CPU.ActiveCfg = Release|Any CPU
		{25D13113-97E2-44D1-AC62-C84701860DD8}.Release|Any CPU.Build.0 = Release|Any CPU
		{68FD3FF0-082B-4665-B6A3-5D1D5DB06E37}.Debug|Any CPU.ActiveCfg = Debug|Any CPU
		{68FD3FF0-082B-4665-B6A3-5D1D5DB06E37}.Debug|Any CPU.Build.0 = Debug|Any CPU
		{68FD3FF0-082B-4665-B6A3-5D1D5DB06E37}.Release|Any CPU.ActiveCfg = Release|Any CPU
		{68FD3FF0-082B-4665-B6A3-5D1D5DB06E37}.Release|Any CPU.Build.0 = Release|Any CPU
		{47DC9500-881E-45CC-811B-6D1568BB17EA}.Debug|Any CPU.ActiveCfg = Debug|Any CPU
		{47DC9500-881E-45CC-811B-6D1568BB17EA}.Debug|Any CPU.Build.0 = Debug|Any CPU
		{47DC9500-881E-45CC-811B-6D1568BB17EA}.Release|Any CPU.ActiveCfg = Release|Any CPU
		{47DC9500-881E-45CC-811B-6D1568BB17EA}.Release|Any CPU.Build.0 = Release|Any CPU
		{0627C42E-65FE-4DF4-A796-43F527BC7045}.Debug|Any CPU.ActiveCfg = Debug|Any CPU
		{0627C42E-65FE-4DF4-A796-43F527BC7045}.Debug|Any CPU.Build.0 = Debug|Any CPU
		{0627C42E-65FE-4DF4-A796-43F527BC7045}.Release|Any CPU.ActiveCfg = Release|Any CPU
		{0627C42E-65FE-4DF4-A796-43F527BC7045}.Release|Any CPU.Build.0 = Release|Any CPU
		{251267CB-03F2-47F1-BD0E-C58507084DCA}.Debug|Any CPU.ActiveCfg = Debug|Any CPU
		{251267CB-03F2-47F1-BD0E-C58507084DCA}.Debug|Any CPU.Build.0 = Debug|Any CPU
		{251267CB-03F2-47F1-BD0E-C58507084DCA}.Release|Any CPU.ActiveCfg = Release|Any CPU
		{251267CB-03F2-47F1-BD0E-C58507084DCA}.Release|Any CPU.Build.0 = Release|Any CPU
		{99B57B00-1B28-4BAA-B3AA-F66F9976F75D}.Debug|Any CPU.ActiveCfg = Debug|Any CPU
		{99B57B00-1B28-4BAA-B3AA-F66F9976F75D}.Debug|Any CPU.Build.0 = Debug|Any CPU
		{99B57B00-1B28-4BAA-B3AA-F66F9976F75D}.Release|Any CPU.ActiveCfg = Release|Any CPU
		{99B57B00-1B28-4BAA-B3AA-F66F9976F75D}.Release|Any CPU.Build.0 = Release|Any CPU
		{E2EF5CDA-F81B-49D2-8CEC-78C085BFCBCF}.Debug|Any CPU.ActiveCfg = Debug|Any CPU
		{E2EF5CDA-F81B-49D2-8CEC-78C085BFCBCF}.Debug|Any CPU.Build.0 = Debug|Any CPU
		{E2EF5CDA-F81B-49D2-8CEC-78C085BFCBCF}.Release|Any CPU.ActiveCfg = Release|Any CPU
		{E2EF5CDA-F81B-49D2-8CEC-78C085BFCBCF}.Release|Any CPU.Build.0 = Release|Any CPU
		{A919BE1A-C2F0-4F15-BDC5-7929F801B4B7}.Debug|Any CPU.ActiveCfg = Debug|Any CPU
		{A919BE1A-C2F0-4F15-BDC5-7929F801B4B7}.Debug|Any CPU.Build.0 = Debug|Any CPU
		{A919BE1A-C2F0-4F15-BDC5-7929F801B4B7}.Release|Any CPU.ActiveCfg = Release|Any CPU
		{A919BE1A-C2F0-4F15-BDC5-7929F801B4B7}.Release|Any CPU.Build.0 = Release|Any CPU
		{E8ED2F5D-AF45-41BD-A994-4DD4E23C0894}.Debug|Any CPU.ActiveCfg = Debug|Any CPU
		{E8ED2F5D-AF45-41BD-A994-4DD4E23C0894}.Debug|Any CPU.Build.0 = Debug|Any CPU
		{E8ED2F5D-AF45-41BD-A994-4DD4E23C0894}.Release|Any CPU.ActiveCfg = Release|Any CPU
		{E8ED2F5D-AF45-41BD-A994-4DD4E23C0894}.Release|Any CPU.Build.0 = Release|Any CPU
		{31617F89-BF3C-43D5-A284-170396187AFA}.Debug|Any CPU.ActiveCfg = Debug|Any CPU
		{31617F89-BF3C-43D5-A284-170396187AFA}.Debug|Any CPU.Build.0 = Debug|Any CPU
		{31617F89-BF3C-43D5-A284-170396187AFA}.Release|Any CPU.ActiveCfg = Release|Any CPU
		{31617F89-BF3C-43D5-A284-170396187AFA}.Release|Any CPU.Build.0 = Release|Any CPU
		{86B7D4D4-AB50-42FB-A931-D3FF497BBCA1}.Debug|Any CPU.ActiveCfg = Debug|Any CPU
		{86B7D4D4-AB50-42FB-A931-D3FF497BBCA1}.Debug|Any CPU.Build.0 = Debug|Any CPU
		{86B7D4D4-AB50-42FB-A931-D3FF497BBCA1}.Release|Any CPU.ActiveCfg = Release|Any CPU
		{86B7D4D4-AB50-42FB-A931-D3FF497BBCA1}.Release|Any CPU.Build.0 = Release|Any CPU
	EndGlobalSection
	GlobalSection(SolutionProperties) = preSolution
		HideSolutionNode = FALSE
	EndGlobalSection
	GlobalSection(NestedProjects) = preSolution
		{25D13113-97E2-44D1-AC62-C84701860DD8} = {E0124752-4FD4-4FD4-AA6E-742E50F57258}
		{68FD3FF0-082B-4665-B6A3-5D1D5DB06E37} = {77F77A3E-687B-4D22-AAAD-4654A09698B9}
		{47DC9500-881E-45CC-811B-6D1568BB17EA} = {BAAAF7C6-FCE8-45CC-A98B-B25B331E70BB}
		{E183DB33-D894-416A-A246-8FB8F5B6B85E} = {400AC998-0CE0-46B2-AC70-E06ED31272E5}
		{BDD6037E-F7A1-48FA-8EE3-204C4B9DB01E} = {E183DB33-D894-416A-A246-8FB8F5B6B85E}
		{5AC90A18-C75D-4EE7-AA17-C7E6EB830A6F} = {E183DB33-D894-416A-A246-8FB8F5B6B85E}
		{F6A3EE0D-73FD-4BD4-82B3-87FB150DBDC0} = {E183DB33-D894-416A-A246-8FB8F5B6B85E}
		{21016401-A85C-4A20-9CD5-AD760FBFD369} = {E183DB33-D894-416A-A246-8FB8F5B6B85E}
		{0627C42E-65FE-4DF4-A796-43F527BC7045} = {BDD6037E-F7A1-48FA-8EE3-204C4B9DB01E}
		{251267CB-03F2-47F1-BD0E-C58507084DCA} = {F6A3EE0D-73FD-4BD4-82B3-87FB150DBDC0}
		{99B57B00-1B28-4BAA-B3AA-F66F9976F75D} = {21016401-A85C-4A20-9CD5-AD760FBFD369}
		{E2EF5CDA-F81B-49D2-8CEC-78C085BFCBCF} = {5AC90A18-C75D-4EE7-AA17-C7E6EB830A6F}
		{131EA386-9823-40DF-B827-54671387C909} = {400AC998-0CE0-46B2-AC70-E06ED31272E5}
		{DC1A2ACA-A790-4ACE-AE25-7629387D0BEB} = {131EA386-9823-40DF-B827-54671387C909}
		{A2B1AB07-C93A-41B3-990E-FC48CAD354A7} = {131EA386-9823-40DF-B827-54671387C909}
		{7443F733-87B3-4EC3-B1CB-9112F909F76E} = {131EA386-9823-40DF-B827-54671387C909}
		{5C269B9C-9727-4DD7-8304-6A0E6B2217FA} = {131EA386-9823-40DF-B827-54671387C909}
		{A919BE1A-C2F0-4F15-BDC5-7929F801B4B7} = {DC1A2ACA-A790-4ACE-AE25-7629387D0BEB}
		{E8ED2F5D-AF45-41BD-A994-4DD4E23C0894} = {A2B1AB07-C93A-41B3-990E-FC48CAD354A7}
		{31617F89-BF3C-43D5-A284-170396187AFA} = {7443F733-87B3-4EC3-B1CB-9112F909F76E}
		{86B7D4D4-AB50-42FB-A931-D3FF497BBCA1} = {5C269B9C-9727-4DD7-8304-6A0E6B2217FA}
	EndGlobalSection
	GlobalSection(ExtensibilityGlobals) = postSolution
		SolutionGuid = {7921C8B6-28A1-4A54-AA07-054CF3975C8B}
	EndGlobalSection
EndGlobal
